
Microsoft Visual Studio Solution File, Format Version 12.00
# Visual Studio Version 17
VisualStudioVersion = 17.3.32825.248
MinimumVisualStudioVersion = 10.0.40219.1
Project("{FAE04EC0-301F-11D3-BF4B-00C04F79EFBC}") = "MyMovieCollection", "MyMovieCollection\MyMovieCollection.csproj", "{2BFA7667-614A-47AF-9D07-82B5A8A1BA8E}"
EndProject
Global
	GlobalSection(SolutionConfigurationPlatforms) = preSolution
		Debug|Any CPU = Debug|Any CPU
		Release|Any CPU = Release|Any CPU
	EndGlobalSection
	GlobalSection(ProjectConfigurationPlatforms) = postSolution
		{2BFA7667-614A-47AF-9D07-82B5A8A1BA8E}.Debug|Any CPU.ActiveCfg = Debug|Any CPU
		{2BFA7667-614A-47AF-9D07-82B5A8A1BA8E}.Debug|Any CPU.Build.0 = Debug|Any CPU
		{2BFA7667-614A-47AF-9D07-82B5A8A1BA8E}.Release|Any CPU.ActiveCfg = Release|Any CPU
		{2BFA7667-614A-47AF-9D07-82B5A8A1BA8E}.Release|Any CPU.Build.0 = Release|Any CPU
	EndGlobalSection
	GlobalSection(SolutionProperties) = preSolution
		HideSolutionNode = FALSE
	EndGlobalSection
	GlobalSection(ExtensibilityGlobals) = postSolution
		SolutionGuid = {877DA44D-67CC-46D8-80FD-8C9DBBDF2D20}
	EndGlobalSection
EndGlobal
